
Microsoft Visual Studio Solution File, Format Version 12.00
# Visual Studio 15
VisualStudioVersion = 15.0.28307.1000
MinimumVisualStudioVersion = 10.0.40219.1
Project("{8BC9CEB8-8B4A-11D0-8D11-00A0C91BC942}") = "lab8_msvc", "lab8_msvc\lab8_msvc.vcxproj", "{1CA7F978-F6FB-401C-B9F0-4B55B8EA293E}"
EndProject
Global
	GlobalSection(SolutionConfigurationPlatforms) = preSolution
		Debug|x64 = Debug|x64
		Debug|x86 = Debug|x86
		Release|x64 = Release|x64
		Release|x86 = Release|x86
	EndGlobalSection
	GlobalSection(ProjectConfigurationPlatforms) = postSolution
		{1CA7F978-F6FB-401C-B9F0-4B55B8EA293E}.Debug|x64.ActiveCfg = Debug|x64
		{1CA7F978-F6FB-401C-B9F0-4B55B8EA293E}.Debug|x64.Build.0 = Debug|x64
		{1CA7F978-F6FB-401C-B9F0-4B55B8EA293E}.Debug|x86.ActiveCfg = Debug|Win32
		{1CA7F978-F6FB-401C-B9F0-4B55B8EA293E}.Debug|x86.Build.0 = Debug|Win32
		{1CA7F978-F6FB-401C-B9F0-4B55B8EA293E}.Release|x64.ActiveCfg = Release|x64
		{1CA7F978-F6FB-401C-B9F0-4B55B8EA293E}.Release|x64.Build.0 = Release|x64
		{1CA7F978-F6FB-401C-B9F0-4B55B8EA293E}.Release|x86.ActiveCfg = Release|Win32
		{1CA7F978-F6FB-401C-B9F0-4B55B8EA293E}.Release|x86.Build.0 = Release|Win32
	EndGlobalSection
	GlobalSection(SolutionProperties) = preSolution
		HideSolutionNode = FALSE
	EndGlobalSection
	GlobalSection(ExtensibilityGlobals) = postSolution
		SolutionGuid = {CFB69C36-5B95-4179-B7ED-9B756920C30C}
	EndGlobalSection
EndGlobal
