<?xml version="1.0" encoding="UTF-8" standalone="yes" ?>
<CodeBlocks_project_file>
	<FileVersion major="1" minor="6" />
	<Project>
		<Option title="KURS2" />
		<Option pch_mode="2" />
		<Option compiler="gcc" />
		<Build>
			<Target title="Release">
				<Option output="bin/Release/KURS2" prefix_auto="1" extension_auto="1" />
				<Option object_output="obj/Release/" />
				<Option type="1" />
				<Option compiler="gcc" />
				<Compiler>
					<Add option="-O2" />
				</Compiler>
				<Linker>
					<Add option="-s" />
					<Add option="-static" />
				</Linker>
			</Target>
		</Build>
		<Compiler>
			<Add option="-Wall" />
			<Add option="-fexceptions" />
		</Compiler>
		<Unit filename="admin.cpp" />
		<Unit filename="admin.h" />
		<Unit filename="list.cpp" />
		<Unit filename="list.h" />
		<Unit filename="main.cpp" />
		<Unit filename="print.cpp" />
		<Unit filename="print.h" />
		<Unit filename="stat.cpp" />
		<Unit filename="stat.h" />
		<Unit filename="struct.h" />
		<Unit filename="test.cpp" />
		<Unit filename="test.h" />
		<Unit filename="theory.cpp" />
		<Unit filename="theory.h" />
		<Extensions>
			<code_completion />
			<envvars />
			<debugger />
		</Extensions>
	</Project>
</CodeBlocks_project_file>
